Microsoft Visual Studio Solution File, Format Version 12.00
# Visual Studio 2012
Project("{FAE04EC0-301F-11D3-BF4B-00C04F79EFBC}") = "Where Souuls Go (SandBox)", "Where Souuls Go (SandBox).csproj", "{8E177E24-07F5-4AD8-84B2-3F88A2ACE403}"
EndProject
Global
	GlobalSection(SolutionConfigurationPlatforms) = preSolution
	Debug|Any CPU = Debug|Any CPU
	Release|Any CPU = Release|Any CPU
	Tools|Any CPU = Tools|Any CPU
	EndGlobalSection
	GlobalSection(ProjectConfigurationPlatforms) = postSolution
		{8E177E24-07F5-4AD8-84B2-3F88A2ACE403}.Debug|Any CPU.ActiveCfg = Debug|Any CPU
		{8E177E24-07F5-4AD8-84B2-3F88A2ACE403}.Debug|Any CPU.Build.0 = Debug|Any CPU
		{8E177E24-07F5-4AD8-84B2-3F88A2ACE403}.Release|Any CPU.ActiveCfg = Release|Any CPU
		{8E177E24-07F5-4AD8-84B2-3F88A2ACE403}.Release|Any CPU.Build.0 = Release|Any CPU
		{8E177E24-07F5-4AD8-84B2-3F88A2ACE403}.Tools|Any CPU.ActiveCfg = Tools|Any CPU
		{8E177E24-07F5-4AD8-84B2-3F88A2ACE403}.Tools|Any CPU.Build.0 = Tools|Any CPU
	EndGlobalSection
EndGlobal
